
Microsoft Visual Studio Solution File, Format Version 12.00
# Visual Studio 15
VisualStudioVersion = 15.0.27130.2027
MinimumVisualStudioVersion = 10.0.40219.1
Project("{9A19103F-16F7-4668-BE54-9A1E7A4F7556}") = "Evant", "Evant\Evant.csproj", "{123464B9-65EF-436A-916C-35B431D2943D}"
EndProject
Project("{9A19103F-16F7-4668-BE54-9A1E7A4F7556}") = "Evant.DAL", "Evant.DAL\Evant.DAL.csproj", "{C7EAC2B0-F5F2-494C-9BA4-AA731C088464}"
EndProject
Project("{9A19103F-16F7-4668-BE54-9A1E7A4F7556}") = "Evant.Contracts", "Evant.Contracts\Evant.Contracts.csproj", "{FED4F055-3E88-433F-822F-0C1ED0591EDE}"
EndProject
Project("{9A19103F-16F7-4668-BE54-9A1E7A4F7556}") = "Evant.Storage", "Evant.Storage\Evant.Storage.csproj", "{480D3170-6148-44DD-B725-4D43AF14A1AF}"
EndProject
Project("{9A19103F-16F7-4668-BE54-9A1E7A4F7556}") = "Evant.NotificationCenter", "Evant.NotificationCenter\Evant.NotificationCenter.csproj", "{62870690-7FB4-4450-826A-16A1DB27937C}"
EndProject
Global
	GlobalSection(SolutionConfigurationPlatforms) = preSolution
		Debug|Any CPU = Debug|Any CPU
		Release|Any CPU = Release|Any CPU
	EndGlobalSection
	GlobalSection(ProjectConfigurationPlatforms) = postSolution
		{123464B9-65EF-436A-916C-35B431D2943D}.Debug|Any CPU.ActiveCfg = Debug|Any CPU
		{123464B9-65EF-436A-916C-35B431D2943D}.Debug|Any CPU.Build.0 = Debug|Any CPU
		{123464B9-65EF-436A-916C-35B431D2943D}.Release|Any CPU.ActiveCfg = Release|Any CPU
		{123464B9-65EF-436A-916C-35B431D2943D}.Release|Any CPU.Build.0 = Release|Any CPU
		{C7EAC2B0-F5F2-494C-9BA4-AA731C088464}.Debug|Any CPU.ActiveCfg = Debug|Any CPU
		{C7EAC2B0-F5F2-494C-9BA4-AA731C088464}.Debug|Any CPU.Build.0 = Debug|Any CPU
		{C7EAC2B0-F5F2-494C-9BA4-AA731C088464}.Release|Any CPU.ActiveCfg = Release|Any CPU
		{C7EAC2B0-F5F2-494C-9BA4-AA731C088464}.Release|Any CPU.Build.0 = Release|Any CPU
		{FED4F055-3E88-433F-822F-0C1ED0591EDE}.Debug|Any CPU.ActiveCfg = Debug|Any CPU
		{FED4F055-3E88-433F-822F-0C1ED0591EDE}.Debug|Any CPU.Build.0 = Debug|Any CPU
		{FED4F055-3E88-433F-822F-0C1ED0591EDE}.Release|Any CPU.ActiveCfg = Release|Any CPU
		{FED4F055-3E88-433F-822F-0C1ED0591EDE}.Release|Any CPU.Build.0 = Release|Any CPU
		{480D3170-6148-44DD-B725-4D43AF14A1AF}.Debug|Any CPU.ActiveCfg = Debug|Any CPU
		{480D3170-6148-44DD-B725-4D43AF14A1AF}.Debug|Any CPU.Build.0 = Debug|Any CPU
		{480D3170-6148-44DD-B725-4D43AF14A1AF}.Release|Any CPU.ActiveCfg = Release|Any CPU
		{480D3170-6148-44DD-B725-4D43AF14A1AF}.Release|Any CPU.Build.0 = Release|Any CPU
		{62870690-7FB4-4450-826A-16A1DB27937C}.Debug|Any CPU.ActiveCfg = Debug|Any CPU
		{62870690-7FB4-4450-826A-16A1DB27937C}.Debug|Any CPU.Build.0 = Debug|Any CPU
		{62870690-7FB4-4450-826A-16A1DB27937C}.Release|Any CPU.ActiveCfg = Release|Any CPU
		{62870690-7FB4-4450-826A-16A1DB27937C}.Release|Any CPU.Build.0 = Release|Any CPU
	EndGlobalSection
	GlobalSection(SolutionProperties) = preSolution
		HideSolutionNode = FALSE
	EndGlobalSection
	GlobalSection(ExtensibilityGlobals) = postSolution
		SolutionGuid = {A1714A60-8FC7-4DDB-B26B-E463716D3817}
	EndGlobalSection
EndGlobal
